
Microsoft Visual Studio Solution File, Format Version 12.00
# Visual Studio Version 17
VisualStudioVersion = 17.14.37216.2 d17.14
MinimumVisualStudioVersion = 10.0.40219.1
Project("{FAE04EC0-301F-11D3-BF4B-00C04F79EFBC}") = "GG72", "GG72\GG72.csproj", "{07D66574-CEC2-4EAC-895E-6A97CD4D080A}"
EndProject
Project("{FAE04EC0-301F-11D3-BF4B-00C04F79EFBC}") = "UnitTestProject1", "UnitTestProject1\UnitTestProject1.csproj", "{B329B467-89C8-4EA9-8959-86D05BC1A5E5}"
EndProject
Global
	GlobalSection(SolutionConfigurationPlatforms) = preSolution
		Debug|Any CPU = Debug|Any CPU
		Release|Any CPU = Release|Any CPU
	EndGlobalSection
	GlobalSection(ProjectConfigurationPlatforms) = postSolution
		{07D66574-CEC2-4EAC-895E-6A97CD4D080A}.Debug|Any CPU.ActiveCfg = Debug|Any CPU
		{07D66574-CEC2-4EAC-895E-6A97CD4D080A}.Debug|Any CPU.Build.0 = Debug|Any CPU
		{07D66574-CEC2-4EAC-895E-6A97CD4D080A}.Release|Any CPU.ActiveCfg = Release|Any CPU
		{07D66574-CEC2-4EAC-895E-6A97CD4D080A}.Release|Any CPU.Build.0 = Release|Any CPU
		{B329B467-89C8-4EA9-8959-86D05BC1A5E5}.Debug|Any CPU.ActiveCfg = Debug|Any CPU
		{B329B467-89C8-4EA9-8959-86D05BC1A5E5}.Debug|Any CPU.Build.0 = Debug|Any CPU
		{B329B467-89C8-4EA9-8959-86D05BC1A5E5}.Release|Any CPU.ActiveCfg = Release|Any CPU
		{B329B467-89C8-4EA9-8959-86D05BC1A5E5}.Release|Any CPU.Build.0 = Release|Any CPU
	EndGlobalSection
	GlobalSection(SolutionProperties) = preSolution
		HideSolutionNode = FALSE
	EndGlobalSection
	GlobalSection(ExtensibilityGlobals) = postSolution
		SolutionGuid = {6611E0CD-B4C1-4DDE-85DD-B402F19CB740}
	EndGlobalSection
EndGlobal
